// !$*UTF8*$!
{
	archiveVersion = 1;
	classes = {
	};
	objectVersion = 50;
	objects = {

/* Begin PBXBuildFile section */
		6B34710E20D161130073B8B6 /* AppDelegate.swift in Sources */ = {isa = PBXBuildFile; fileRef = 6B34710D20D161130073B8B6 /* AppDelegate.swift */; };
		6B34711020D161130073B8B6 /* ViewController.swift in Sources */ = {isa = PBXBuildFile; fileRef = 6B34710F20D161130073B8B6 /* ViewController.swift */; };
		6B34711320D161140073B8B6 /* Main.storyboard in Resources */ = {isa = PBXBuildFile; fileRef = 6B34711120D161140073B8B6 /* Main.storyboard */; };
		6B34711520D161160073B8B6 /* Assets.xcassets in Resources */ = {isa = PBXBuildFile; fileRef = 6B34711420D161160073B8B6 /* Assets.xcassets */; };
		6B34711820D161160073B8B6 /* LaunchScreen.storyboard in Resources */ = {isa = PBXBuildFile; fileRef = 6B34711620D161160073B8B6 /* LaunchScreen.storyboard */; };
		6B34712220D16C480073B8B6 /* LinearRegressionViewController.swift in Sources */ = {isa = PBXBuildFile; fileRef = 6B34712020D16C480073B8B6 /* LinearRegressionViewController.swift */; };
		6B34712320D16C480073B8B6 /* LinearRegressionViewController.xib in Resources */ = {isa = PBXBuildFile; fileRef = 6B34712120D16C480073B8B6 /* LinearRegressionViewController.xib */; };
		6B34712720D16CE40073B8B6 /* convert_reviews.py in Resources */ = {isa = PBXBuildFile; fileRef = 6B34712520D16CE30073B8B6 /* convert_reviews.py */; };
		6B34712820D16CE40073B8B6 /* LasVegas-Trip-Dataset.csv in Resources */ = {isa = PBXBuildFile; fileRef = 6B34712620D16CE40073B8B6 /* LasVegas-Trip-Dataset.csv */; };
		6B34712A20D16E050073B8B6 /* Vegas_Reviews.mlmodel in Sources */ = {isa = PBXBuildFile; fileRef = 6B34712920D16E040073B8B6 /* Vegas_Reviews.mlmodel */; };
		6B59DA6B20D2BD40000839D1 /* RiceSoupClassifier.mlmodel in Sources */ = {isa = PBXBuildFile; fileRef = 6B59DA6A20D2BD3F000839D1 /* RiceSoupClassifier.mlmodel */; };
		6B59DA6E20D2BD62000839D1 /* RiceSoupClassifierViewController.swift in Sources */ = {isa = PBXBuildFile; fileRef = 6B59DA6C20D2BD62000839D1 /* RiceSoupClassifierViewController.swift */; };
		6B59DA6F20D2BD62000839D1 /* RiceSoupClassifierViewController.xib in Resources */ = {isa = PBXBuildFile; fileRef = 6B59DA6D20D2BD62000839D1 /* RiceSoupClassifierViewController.xib */; };
/* End PBXBuildFile section */

/* Begin PBXFileReference section */
		6B34710A20D161130073B8B6 /* MachineLearningProject.app */ = {isa = PBXFileReference; explicitFileType = wrapper.application; includeInIndex = 0; path = MachineLearningProject.app; sourceTree = BUILT_PRODUCTS_DIR; };
		6B34710D20D161130073B8B6 /* AppDelegate.swift */ = {isa = PBXFileReference; lastKnownFileType = sourcecode.swift; path = AppDelegate.swift; sourceTree = "<group>"; };
		6B34710F20D161130073B8B6 /* ViewController.swift */ = {isa = PBXFileReference; lastKnownFileType = sourcecode.swift; path = ViewController.swift; sourceTree = "<group>"; };
		6B34711220D161140073B8B6 /* Base */ = {isa = PBXFileReference; lastKnownFileType = file.storyboard; name = Base; path = Base.lproj/Main.storyboard; sourceTree = "<group>"; };
		6B34711420D161160073B8B6 /* Assets.xcassets */ = {isa = PBXFileReference; lastKnownFileType = folder.assetcatalog; path = Assets.xcassets; sourceTree = "<group>"; };
		6B34711720D161160073B8B6 /* Base */ = {isa = PBXFileReference; lastKnownFileType = file.storyboard; name = Base; path = Base.lproj/LaunchScreen.storyboard; sourceTree = "<group>"; };
		6B34711920D161160073B8B6 /* Info.plist */ = {isa = PBXFileReference; lastKnownFileType = text.plist.xml; path = Info.plist; sourceTree = "<group>"; };
		6B34712020D16C480073B8B6 /* LinearRegressionViewController.swift */ = {isa = PBXFileReference; lastKnownFileType = sourcecode.swift; path = LinearRegressionViewController.swift; sourceTree = "<group>"; };
		6B34712120D16C480073B8B6 /* LinearRegressionViewController.xib */ = {isa = PBXFileReference; lastKnownFileType = file.xib; path = LinearRegressionViewController.xib; sourceTree = "<group>"; };
		6B34712520D16CE30073B8B6 /* convert_reviews.py */ = {isa = PBXFileReference; fileEncoding = 4; lastKnownFileType = text.script.python; path = convert_reviews.py; sourceTree = "<group>"; };
		6B34712620D16CE40073B8B6 /* LasVegas-Trip-Dataset.csv */ = {isa = PBXFileReference; fileEncoding = 4; lastKnownFileType = text; path = "LasVegas-Trip-Dataset.csv"; sourceTree = "<group>"; };
		6B34712920D16E040073B8B6 /* Vegas_Reviews.mlmodel */ = {isa = PBXFileReference; lastKnownFileType = file.mlmodel; path = Vegas_Reviews.mlmodel; sourceTree = "<group>"; };
		6B59DA6A20D2BD3F000839D1 /* RiceSoupClassifier.mlmodel */ = {isa = PBXFileReference; lastKnownFileType = file.mlmodel; path = RiceSoupClassifier.mlmodel; sourceTree = "<group>"; };
		6B59DA6C20D2BD62000839D1 /* RiceSoupClassifierViewController.swift */ = {isa = PBXFileReference; lastKnownFileType = sourcecode.swift; path = RiceSoupClassifierViewController.swift; sourceTree = "<group>"; };
		6B59DA6D20D2BD62000839D1 /* RiceSoupClassifierViewController.xib */ = {isa = PBXFileReference; lastKnownFileType = file.xib; path = RiceSoupClassifierViewController.xib; sourceTree = "<group>"; };
/* End PBXFileReference section */

/* Begin PBXFrameworksBuildPhase section */
		6B34710720D161130073B8B6 /* Frameworks */ = {
			isa = PBXFrameworksBuildPhase;
			buildActionMask = 2147483647;
			files = (
			);
			runOnlyForDeploymentPostprocessing = 0;
		};
/* End PBXFrameworksBuildPhase section */

/* Begin PBXGroup section */
		6B34710120D161130073B8B6 = {
			isa = PBXGroup;
			children = (
				6B34710C20D161130073B8B6 /* MachineLearningProject */,
				6B34710B20D161130073B8B6 /* Products */,
			);
			sourceTree = "<group>";
		};
		6B34710B20D161130073B8B6 /* Products */ = {
			isa = PBXGroup;
			children = (
				6B34710A20D161130073B8B6 /* MachineLearningProject.app */,
			);
			name = Products;
			sourceTree = "<group>";
		};
		6B34710C20D161130073B8B6 /* MachineLearningProject */ = {
			isa = PBXGroup;
			children = (
				6B59DA6920D2B8AB000839D1 /* ImageClassifier */,
				6B34711F20D16C2F0073B8B6 /* LinearRegression */,
				6B34710D20D161130073B8B6 /* AppDelegate.swift */,
				6B34710F20D161130073B8B6 /* ViewController.swift */,
				6B34711120D161140073B8B6 /* Main.storyboard */,
				6B34711420D161160073B8B6 /* Assets.xcassets */,
				6B34711620D161160073B8B6 /* LaunchScreen.storyboard */,
				6B34711920D161160073B8B6 /* Info.plist */,
			);
			path = MachineLearningProject;
			sourceTree = "<group>";
		};
		6B34711F20D16C2F0073B8B6 /* LinearRegression */ = {
			isa = PBXGroup;
			children = (
				6B34712420D16CCA0073B8B6 /* Training Material */,
				6B34712020D16C480073B8B6 /* LinearRegressionViewController.swift */,
				6B34712120D16C480073B8B6 /* LinearRegressionViewController.xib */,
				6B34712920D16E040073B8B6 /* Vegas_Reviews.mlmodel */,
			);
			path = LinearRegression;
			sourceTree = "<group>";
		};
		6B34712420D16CCA0073B8B6 /* Training Material */ = {
			isa = PBXGroup;
			children = (
				6B34712520D16CE30073B8B6 /* convert_reviews.py */,
				6B34712620D16CE40073B8B6 /* LasVegas-Trip-Dataset.csv */,
			);
			path = "Training Material";
			sourceTree = "<group>";
		};
		6B59DA6920D2B8AB000839D1 /* ImageClassifier */ = {
			isa = PBXGroup;
			children = (
				6B59DA6A20D2BD3F000839D1 /* RiceSoupClassifier.mlmodel */,
				6B59DA6C20D2BD62000839D1 /* RiceSoupClassifierViewController.swift */,
				6B59DA6D20D2BD62000839D1 /* RiceSoupClassifierViewController.xib */,
			);
			path = ImageClassifier;
			sourceTree = "<group>";
		};
/* End PBXGroup section */

/* Begin PBXNativeTarget section */
		6B34710920D161130073B8B6 /* MachineLearningProject */ = {
			isa = PBXNativeTarget;
			buildConfigurationList = 6B34711C20D161160073B8B6 /* Build configuration list for PBXNativeTarget "MachineLearningProject" */;
			buildPhases = (
				6B34710620D161130073B8B6 /* Sources */,
				6B34710720D161130073B8B6 /* Frameworks */,
				6B34710820D161130073B8B6 /* Resources */,
			);
			buildRules = (
			);
			dependencies = (
			);
			name = MachineLearningProject;
			productName = MachineLearningProject;
			productReference = 6B34710A20D161130073B8B6 /* MachineLearningProject.app */;
			productType = "com.apple.product-type.application";
		};
/* End PBXNativeTarget section */

/* Begin PBXProject section */
		6B34710220D161130073B8B6 /* Project object */ = {
			isa = PBXProject;
			attributes = {
				LastSwiftUpdateCheck = 0940;
				LastUpgradeCheck = 0940;
				ORGANIZATIONNAME = KL;
				TargetAttributes = {
					6B34710920D161130073B8B6 = {
						CreatedOnToolsVersion = 9.4;
					};
				};
			};
			buildConfigurationList = 6B34710520D161130073B8B6 /* Build configuration list for PBXProject "MachineLearningProject" */;
			compatibilityVersion = "Xcode 9.3";
			developmentRegion = en;
			hasScannedForEncodings = 0;
			knownRegions = (
				en,
				Base,
			);
			mainGroup = 6B34710120D161130073B8B6;
			productRefGroup = 6B34710B20D161130073B8B6 /* Products */;
			projectDirPath = "";
			projectRoot = "";
			targets = (
				6B34710920D161130073B8B6 /* MachineLearningProject */,
			);
		};
/* End PBXProject section */

/* Begin PBXResourcesBuildPhase section */
		6B34710820D161130073B8B6 /* Resources */ = {
			isa = PBXResourcesBuildPhase;
			buildActionMask = 2147483647;
			files = (
				6B34711820D161160073B8B6 /* LaunchScreen.storyboard in Resources */,
				6B34711520D161160073B8B6 /* Assets.xcassets in Resources */,
				6B59DA6F20D2BD62000839D1 /* RiceSoupClassifierViewController.xib in Resources */,
				6B34712820D16CE40073B8B6 /* LasVegas-Trip-Dataset.csv in Resources */,
				6B34712720D16CE40073B8B6 /* convert_reviews.py in Resources */,
				6B34712320D16C480073B8B6 /* LinearRegressionViewController.xib in Resources */,
				6B34711320D161140073B8B6 /* Main.storyboard in Resources */,
			);
			runOnlyForDeploymentPostprocessing = 0;
		};
/* End PBXResourcesBuildPhase section */

/* Begin PBXSourcesBuildPhase section */
		6B34710620D161130073B8B6 /* Sources */ = {
			isa = PBXSourcesBuildPhase;
			buildActionMask = 2147483647;
			files = (
				6B59DA6B20D2BD40000839D1 /* RiceSoupClassifier.mlmodel in Sources */,
				6B34711020D161130073B8B6 /* ViewController.swift in Sources */,
				6B34710E20D161130073B8B6 /* AppDelegate.swift in Sources */,
				6B59DA6E20D2BD62000839D1 /* RiceSoupClassifierViewController.swift in Sources */,
				6B34712220D16C480073B8B6 /* LinearRegressionViewController.swift in Sources */,
				6B34712A20D16E050073B8B6 /* Vegas_Reviews.mlmodel in Sources */,
			);
			runOnlyForDeploymentPostprocessing = 0;
		};
/* End PBXSourcesBuildPhase section */

/* Begin PBXVariantGroup section */
		6B34711120D161140073B8B6 /* Main.storyboard */ = {
			isa = PBXVariantGroup;
			children = (
				6B34711220D161140073B8B6 /* Base */,
			);
			name = Main.storyboard;
			sourceTree = "<group>";
		};
		6B34711620D161160073B8B6 /* LaunchScreen.storyboard */ = {
			isa = PBXVariantGroup;
			children = (
				6B34711720D161160073B8B6 /* Base */,
			);
			name = LaunchScreen.storyboard;
			sourceTree = "<group>";
		};
/* End PBXVariantGroup section */

/* Begin XCBuildConfiguration section */
		6B34711A20D161160073B8B6 /* Debug */ = {
			isa = XCBuildConfiguration;
			buildSettings = {
				ALWAYS_SEARCH_USER_PATHS = NO;
				CLANG_ANALYZER_NONNULL = YES;
				CLANG_ANALYZER_NUMBER_OBJECT_CONVERSION = YES_AGGRESSIVE;
				CLANG_CXX_LANGUAGE_STANDARD = "gnu++14";
				CLANG_CXX_LIBRARY = "libc++";
				CLANG_ENABLE_MODULES = YES;
				CLANG_ENABLE_OBJC_ARC = YES;
				CLANG_ENABLE_OBJC_WEAK = YES;
				CLANG_WARN_BLOCK_CAPTURE_AUTORELEASING = YES;
				CLANG_WARN_BOOL_CONVERSION = YES;
				CLANG_WARN_COMMA = YES;
				CLANG_WARN_CONSTANT_CONVERSION = YES;
				CLANG_WARN_DEPRECATED_OBJC_IMPLEMENTATIONS = YES;
				CLANG_WARN_DIRECT_OBJC_ISA_USAGE = YES_ERROR;
				CLANG_WARN_DOCUMENTATION_COMMENTS = YES;
				CLANG_WARN_EMPTY_BODY = YES;
				CLANG_WARN_ENUM_CONVERSION = YES;
				CLANG_WARN_INFINITE_RECURSION = YES;
				CLANG_WARN_INT_CONVERSION = YES;
				CLANG_WARN_NON_LITERAL_NULL_CONVERSION = YES;
				CLANG_WARN_OBJC_IMPLICIT_RETAIN_SELF = YES;
				CLANG_WARN_OBJC_LITERAL_CONVERSION = YES;
				CLANG_WARN_OBJC_ROOT_CLASS = YES_ERROR;
				CLANG_WARN_RANGE_LOOP_ANALYSIS = YES;
				CLANG_WARN_STRICT_PROTOTYPES = YES;
				CLANG_WARN_SUSPICIOUS_MOVE = YES;
				CLANG_WARN_UNGUARDED_AVAILABILITY = YES_AGGRESSIVE;
				CLANG_WARN_UNREACHABLE_CODE = YES;
				CLANG_WARN__DUPLICATE_METHOD_MATCH = YES;
				CODE_SIGN_IDENTITY = "iPhone Developer";
				COPY_PHASE_STRIP = NO;
				DEBUG_INFORMATION_FORMAT = dwarf;
				ENABLE_STRICT_OBJC_MSGSEND = YES;
				ENABLE_TESTABILITY = YES;
				GCC_C_LANGUAGE_STANDARD = gnu11;
				GCC_DYNAMIC_NO_PIC = NO;
				GCC_NO_COMMON_BLOCKS = YES;
				GCC_OPTIMIZATION_LEVEL = 0;
				GCC_PREPROCESSOR_DEFINITIONS = (
					"DEBUG=1",
					"$(inherited)",
				);
				GCC_WARN_64_TO_32_BIT_CONVERSION = YES;
				GCC_WARN_ABOUT_RETURN_TYPE = YES_ERROR;
				GCC_WARN_UNDECLARED_SELECTOR = YES;
				GCC_WARN_UNINITIALIZED_AUTOS = YES_AGGRESSIVE;
				GCC_WARN_UNUSED_FUNCTION = YES;
				GCC_WARN_UNUSED_VARIABLE = YES;
				IPHONEOS_DEPLOYMENT_TARGET = 11.4;
				MTL_ENABLE_DEBUG_INFO = YES;
				ONLY_ACTIVE_ARCH = YES;
				SDKROOT = iphoneos;
				SWIFT_ACTIVE_COMPILATION_CONDITIONS = DEBUG;
				SWIFT_OPTIMIZATION_LEVEL = "-Onone";
			};
			name = Debug;
		};
		6B34711B20D161160073B8B6 /* Release */ = {
			isa = XCBuildConfiguration;
			buildSettings = {
				ALWAYS_SEARCH_USER_PATHS = NO;
				CLANG_ANALYZER_NONNULL = YES;
				CLANG_ANALYZER_NUMBER_OBJECT_CONVERSION = YES_AGGRESSIVE;
				CLANG_CXX_LANGUAGE_STANDARD = "gnu++14";
				CLANG_CXX_LIBRARY = "libc++";
				CLANG_ENABLE_MODULES = YES;
				CLANG_ENABLE_OBJC_ARC = YES;
				CLANG_ENABLE_OBJC_WEAK = YES;
				CLANG_WARN_BLOCK_CAPTURE_AUTORELEASING = YES;
				CLANG_WARN_BOOL_CONVERSION = YES;
				CLANG_WARN_COMMA = YES;
				CLANG_WARN_CONSTANT_CONVERSION = YES;
				CLANG_WARN_DEPRECATED_OBJC_IMPLEMENTATIONS = YES;
				CLANG_WARN_DIRECT_OBJC_ISA_USAGE = YES_ERROR;
				CLANG_WARN_DOCUMENTATION_COMMENTS = YES;
				CLANG_WARN_EMPTY_BODY = YES;
				CLANG_WARN_ENUM_CONVERSION = YES;
				CLANG_WARN_INFINITE_RECURSION = YES;
				CLANG_WARN_INT_CONVERSION = YES;
				CLANG_WARN_NON_LITERAL_NULL_CONVERSION = YES;
				CLANG_WARN_OBJC_IMPLICIT_RETAIN_SELF = YES;
				CLANG_WARN_OBJC_LITERAL_CONVERSION = YES;
				CLANG_WARN_OBJC_ROOT_CLASS = YES_ERROR;
				CLANG_WARN_RANGE_LOOP_ANALYSIS = YES;
				CLANG_WARN_STRICT_PROTOTYPES = YES;
				CLANG_WARN_SUSPICIOUS_MOVE = YES;
				CLANG_WARN_UNGUARDED_AVAILABILITY = YES_AGGRESSIVE;
				CLANG_WARN_UNREACHABLE_CODE = YES;
				CLANG_WARN__DUPLICATE_METHOD_MATCH = YES;
				CODE_SIGN_IDENTITY = "iPhone Developer";
				COPY_PHASE_STRIP = NO;
				DEBUG_INFORMATION_FORMAT = "dwarf-with-dsym";
				ENABLE_NS_ASSERTIONS = NO;
				ENABLE_STRICT_OBJC_MSGSEND = YES;
				GCC_C_LANGUAGE_STANDARD = gnu11;
				GCC_NO_COMMON_BLOCKS = YES;
				GCC_WARN_64_TO_32_BIT_CONVERSION = YES;
				GCC_WARN_ABOUT_RETURN_TYPE = YES_ERROR;
				GCC_WARN_UNDECLARED_SELECTOR = YES;
				GCC_WARN_UNINITIALIZED_AUTOS = YES_AGGRESSIVE;
				GCC_WARN_UNUSED_FUNCTION = YES;
				GCC_WARN_UNUSED_VARIABLE = YES;
				IPHONEOS_DEPLOYMENT_TARGET = 11.4;
				MTL_ENABLE_DEBUG_INFO = NO;
				SDKROOT = iphoneos;
				SWIFT_COMPILATION_MODE = wholemodule;
				SWIFT_OPTIMIZATION_LEVEL = "-O";
				VALIDATE_PRODUCT = YES;
			};
			name = Release;
		};
		6B34711D20D161160073B8B6 /* Debug */ = {
			isa = XCBuildConfiguration;
			buildSettings = {
				ASSETCATALOG_COMPILER_APPICON_NAME = AppIcon;
				CODE_SIGN_STYLE = Automatic;
				DEVELOPMENT_TEAM = 26Z79RZT8A;
				INFOPLIST_FILE = MachineLearningProject/Info.plist;
				LD_RUNPATH_SEARCH_PATHS = (
					"$(inherited)",
					"@executable_path/Frameworks",
				);
				PRODUCT_BUNDLE_IDENTIFIER = KL.personal.MachineLearningProject;
				PRODUCT_NAME = "$(TARGET_NAME)";
				SWIFT_VERSION = 4.0;
				TARGETED_DEVICE_FAMILY = "1,2";
			};
			name = Debug;
		};
		6B34711E20D161160073B8B6 /* Release */ = {
			isa = XCBuildConfiguration;
			buildSettings = {
				ASSETCATALOG_COMPILER_APPICON_NAME = AppIcon;
				CODE_SIGN_STYLE = Automatic;
				DEVELOPMENT_TEAM = 26Z79RZT8A;
				INFOPLIST_FILE = MachineLearningProject/Info.plist;
				LD_RUNPATH_SEARCH_PATHS = (
					"$(inherited)",
					"@executable_path/Frameworks",
				);
				PRODUCT_BUNDLE_IDENTIFIER = KL.personal.MachineLearningProject;
				PRODUCT_NAME = "$(TARGET_NAME)";
				SWIFT_VERSION = 4.0;
				TARGETED_DEVICE_FAMILY = "1,2";
			};
			name = Release;
		};
/* End XCBuildConfiguration section */

/* Begin XCConfigurationList section */
		6B34710520D161130073B8B6 /* Build configuration list for PBXProject "MachineLearningProject" */ = {
			isa = XCConfigurationList;
			buildConfigurations = (
				6B34711A20D161160073B8B6 /* Debug */,
				6B34711B20D161160073B8B6 /* Release */,
			);
			defaultConfigurationIsVisible = 0;
			defaultConfigurationName = Release;
		};
		6B34711C20D161160073B8B6 /* Build configuration list for PBXNativeTarget "MachineLearningProject" */ = {
			isa = XCConfigurationList;
			buildConfigurations = (
				6B34711D20D161160073B8B6 /* Debug */,
				6B34711E20D161160073B8B6 /* Release */,
			);
			defaultConfigurationIsVisible = 0;
			defaultConfigurationName = Release;
		};
/* End XCConfigurationList section */
	};
	rootObject = 6B34710220D161130073B8B6 /* Project object */;
}
